
Microsoft Visual Studio Solution File, Format Version 12.00
# Visual Studio Version 17
VisualStudioVersion = 17.7.34031.279
MinimumVisualStudioVersion = 10.0.40219.1
Project("{9A19103F-16F7-4668-BE54-9A1E7A4F7556}") = "Domain", "Domain\Domain.csproj", "{BC255317-3DBF-49B4-AB32-5DFEA46221A0}"
EndProject
Project("{9A19103F-16F7-4668-BE54-9A1E7A4F7556}") = "Interface", "Interface\Interface.csproj", "{7EFAC577-A983-4F8A-8197-DE222ECB2E2C}"
EndProject
Project("{9A19103F-16F7-4668-BE54-9A1E7A4F7556}") = "Persistance", "Persistance\Persistance.csproj", "{A693BDEE-127E-4C40-B2EC-E9501E2B3369}"
EndProject
Project("{9A19103F-16F7-4668-BE54-9A1E7A4F7556}") = "Application", "Application\Application.csproj", "{036EA11E-F582-45C6-B797-275B3A41F4C0}"
	ProjectSection(ProjectDependencies) = postProject
		{BC255317-3DBF-49B4-AB32-5DFEA46221A0} = {BC255317-3DBF-49B4-AB32-5DFEA46221A0}
	EndProjectSection
EndProject
Global
	GlobalSection(SolutionConfigurationPlatforms) = preSolution
		Debug|Any CPU = Debug|Any CPU
		Release|Any CPU = Release|Any CPU
	EndGlobalSection
	GlobalSection(ProjectConfigurationPlatforms) = postSolution
		{BC255317-3DBF-49B4-AB32-5DFEA46221A0}.Debug|Any CPU.ActiveCfg = Debug|Any CPU
		{BC255317-3DBF-49B4-AB32-5DFEA46221A0}.Debug|Any CPU.Build.0 = Debug|Any CPU
		{BC255317-3DBF-49B4-AB32-5DFEA46221A0}.Release|Any CPU.ActiveCfg = Release|Any CPU
		{BC255317-3DBF-49B4-AB32-5DFEA46221A0}.Release|Any CPU.Build.0 = Release|Any CPU
		{7EFAC577-A983-4F8A-8197-DE222ECB2E2C}.Debug|Any CPU.ActiveCfg = Debug|Any CPU
		{7EFAC577-A983-4F8A-8197-DE222ECB2E2C}.Debug|Any CPU.Build.0 = Debug|Any CPU
		{7EFAC577-A983-4F8A-8197-DE222ECB2E2C}.Release|Any CPU.ActiveCfg = Release|Any CPU
		{7EFAC577-A983-4F8A-8197-DE222ECB2E2C}.Release|Any CPU.Build.0 = Release|Any CPU
		{A693BDEE-127E-4C40-B2EC-E9501E2B3369}.Debug|Any CPU.ActiveCfg = Debug|Any CPU
		{A693BDEE-127E-4C40-B2EC-E9501E2B3369}.Debug|Any CPU.Build.0 = Debug|Any CPU
		{A693BDEE-127E-4C40-B2EC-E9501E2B3369}.Release|Any CPU.ActiveCfg = Release|Any CPU
		{A693BDEE-127E-4C40-B2EC-E9501E2B3369}.Release|Any CPU.Build.0 = Release|Any CPU
		{036EA11E-F582-45C6-B797-275B3A41F4C0}.Debug|Any CPU.ActiveCfg = Debug|Any CPU
		{036EA11E-F582-45C6-B797-275B3A41F4C0}.Debug|Any CPU.Build.0 = Debug|Any CPU
		{036EA11E-F582-45C6-B797-275B3A41F4C0}.Release|Any CPU.ActiveCfg = Release|Any CPU
		{036EA11E-F582-45C6-B797-275B3A41F4C0}.Release|Any CPU.Build.0 = Release|Any CPU
	EndGlobalSection
	GlobalSection(SolutionProperties) = preSolution
		HideSolutionNode = FALSE
	EndGlobalSection
	GlobalSection(ExtensibilityGlobals) = postSolution
		SolutionGuid = {E564620E-7C33-44AA-9EE8-0CCEECF59645}
	EndGlobalSection
EndGlobal
